version = 1
revision = 3
requires-python = "==3.11.*"

[[package]]
name = "annotated-types"
version = "0.8.0"
source = { registry = "https://pypi.org/simple" }
sdist = { url = "https://files.pythonhosted.org/packages/5f/56/a8120250d128bed162cd73c76d45f6ef9991f3e068f62a8ee060afa3104a/annotated_types-0.8.0.tar.gz", hash = "sha256:13b2beaad985e05e2d6407ee4c4f35590b11f8d693a258a561055cac8f64cab7", size = 15893, upload-time = "2026-07-23T20:16:13.995Z" }
wheels = [
    { url = "https://files.pythonhosted.org/packages/99/91/8acff4f5e50511b911bbccb72b8628a49c68ce14148cd9f6431094859a90/annotated_types-0.8.0-py3-none-any.whl", hash = "sha256:f072f4d804ea359e4eaf198b1af7a8b0943881a87f31bb764f8bf219bb9419e0", size = 13427, upload-time = "2026-07-23T20:16:12.938Z" },
]

[[package]]
name = "colorama"
version = "0.4.6"
source = { registry = "https://pypi.org/simple" }
sdist = { url = "https://files.pythonhosted.org/packages/d8/53/6f443c9a4a8358a93a6792e2acffb9d9d5cb0a5cfd8802644b7b1c9a02e4/colorama-0.4.6.tar.gz", hash = "sha256:08695f5cb7ed6e0531a20572697297273c47b8cae5a63ffc6d6ed5c201be6e44", size = 27697, upload-time = "2022-10-25T02:36:22.414Z" }
wheels = [
    { url = "https://files.pythonhosted.org/packages/d1/d6/3965ed04c63042e047cb6a3e6ed1a63a35087b6a609aa3a15ed8ac56c221/colorama-0.4.6-py2.py3-none-any.whl", hash = "sha256:4f1d9991f5acc0ca119f9d443620b77f9d6b33703e51011c16baf57afb285fc6", size = 25335, upload-time = "2022-10-25T02:36:20.889Z" },
]

[[package]]
name = "dpdp-rag"
version = "0.1.0"
source = { editable = "." }
dependencies = [
    { name = "pydantic" },
    { name = "pymupdf" },
    { name = "pyyaml" },
]

[package.dev-dependencies]
dev = [
    { name = "pytest" },
    { name = "ruff" },
]

[package.metadata]
requires-dist = [
    { name = "pydantic", specifier = ">=2.6" },
    { name = "pymupdf", specifier = ">=1.24" },
    { name = "pyyaml", specifier = ">=6.0" },
]

[package.metadata.requires-dev]
dev = [
    { name = "pytest", specifier = ">=8.0" },
    { name = "ruff", specifier = ">=0.5" },
]

[[package]]
name = "iniconfig"
version = "2.3.1"
source = { registry = "https://pypi.org/simple" }
sdist = { url = "https://files.pythonhosted.org/packages/01/e1/2069291243c926a2ff1cd706c7f3eeb9b62144bf60f77c9fb9ff2fb26bd3/iniconfig-2.3.1.tar.gz", hash = "sha256:67f4b9c50da0dedf52af349e7749a80a9057a5031199791b906c3bb3ae878960", size = 21209, upload-time = "2026-10-06T22:48:38.076Z" }
wheels = [
    { url = "https://files.pythonhosted.org/packages/56/43/4ca9e49d27a1fcf6bece6f6aec0ea46bb9112489b93d4b688fb415457bdb/iniconfig-2.3.1-py3-none-any.whl", hash = "sha256:9121e2c1fdb355232495be3194c8dfe87ccc2d5dee45947b78e68f499790d7a7", size = 7552, upload-time = "2026-10-06T22:48:36.959Z" },
]

[[package]]
name = "packaging"
version = "26.3"
source = { registry = "https://pypi.org/simple" }
sdist = { url = "https://files.pythonhosted.org/packages/7d/fa/3944b40b07da9ce895c0e6303a5ab7d53da063554f534556b134a54d6093/packaging-26.3.tar.gz", hash = "sha256:94edc256424af38762eb31306eed28beb9f0efc50a8837492c9d6fd6004aed79", size = 313412, upload-time = "2026-08-04T18:15:28.737Z" }
wheels = [
    { url = "https://files.pythonhosted.org/packages/63/34/ba1c580383c9eada3711951fef0795c80b829a078d72188184bcab9dd527/packaging-26.3-py3-none-any.whl", hash = "sha256:d7193f7c8e4e93f444fde0262bf90af30e16fa0ad0ad44cb553c87339b23cd1c", size = 129956, upload-time = "2026-08-04T18:15:27.159Z" },
]

[[package]]
name = "pluggy"
version = "1.6.0"
source = { registry = "https://pypi.org/simple" }
sdist = { url = "https://files.pythonhosted.org/packages/f9/e2/3e91f31a7d2b083fe6ef3fa267035b518369d9511ffab804f839851d2779/pluggy-1.6.0.tar.gz", hash = "sha256:7dcc130b76258d33b90f61b658791dede3486c3e6bfb003ee5c9bfb396dd22f3", size = 69412, upload-time = "2025-05-15T12:30:07.975Z" }
wheels = [
    { url = "https://files.pythonhosted.org/packages/54/20/4d324d65cc6d9205fabedc306948156824eb9f0ee1633355a8f7ec5c66bf/pluggy-1.6.0-py3-none-any.whl", hash = "sha256:e920276dd6813095e9377c0bc5566d94c932c33b27a3e3945d8389c374dd4746", size = 20538, upload-time = "2025-05-15T12:30:06.134Z" },
]

[[package]]
name = "pydantic"
version = "2.14.0"
source = { registry = "https://pypi.org/simple" }
dependencies = [
    { name = "annotated-types" },
    { name = "pydantic-core" },
    { name = "typing-extensions" },
    { name = "typing-inspection" },
]
sdist = { url = "https://files.pythonhosted.org/packages/6b/fb/6e44b63b26efea1cec48c26d8362313310202ef5ed6e7a52f1669e64e2cd/pydantic-2.14.0.tar.gz", hash = "sha256:8a51a7aaddd60f55566d1f07bdd87b92b463903f39a8f26b71a06314cd1548ae", size = 898613, upload-time = "2026-10-08T14:34:48.341Z" }
wheels = [
    { url = "https://files.pythonhosted.org/packages/2d/eb/9146591cc819d040475bf7f2be786710c7f7eb8083693bf859728da2ca9c/pydantic-2.14.0-py3-none-any.whl", hash = "sha256:15fab1bea6f1dc5003b54fc2ecab230c1fd1dbade2acd4addc52d81e32416d4b", size = 487109, upload-time = "2026-10-08T14:34:46.864Z" },
]

[[package]]
name = "pydantic-core"
version = "2.50.0"
source = { registry = "https://pypi.org/simple" }
dependencies = [
    { name = "typing-extensions" },
]
sdist = { url = "https://files.pythonhosted.org/packages/e6/6d/196e8c819e0e934f35a1a33b3530396feadb0af4ca38fe9f995249e55794/pydantic_core-2.50.0.tar.gz", hash = "sha256:84d2d38f7d163c4dec292f379e9de1960c661795442aca6c90d706436cb3749e", size = 513355, upload-time = "2026-10-08T14:30:58.245Z" }
wheels = [
    { url = "https://files.pythonhosted.org/packages/f1/99/114c2e71405da7610c884c64f8370f85b2fbb69bd427158a3f714515a803/pydantic_core-2.50.0-cp311-cp311-macosx_10_12_x86_64.whl", hash = "sha256:55684bc850059fc85ff8dc21a3e342b722d3178993c49ebdfdee8b698a432720", size = 2152583, upload-time = "2026-10-08T14:26:12.913Z" },
    { url = "https://files.pythonhosted.org/packages/75/a7/fabcfea81a5c3525507af4347fa3a50e51036d5db6611a63e47379776e56/pydantic_core-2.50.0-cp311-cp311-macosx_11_0_arm64.whl", hash = "sha256:c3ae59461625518449f800acc4f874753ae96fcf993c47a27be07beb651371fd", size = 2045652, upload-time = "2026-10-08T14:26:14.38Z" },
    { url = "https://files.pythonhosted.org/packages/f5/80/226019008a041da423dc59d34f980b2b6e60a71971d07a8f52e10fc4747a/pydantic_core-2.50.0-cp311-cp311-manylinux_2_17_aarch64.manylinux2014_aarch64.whl", hash = "sha256:a7080928078ff56c07da393392f772054e93a39c8033dc9c04547bd949f9b614", size = 2050325, upload-time = "2026-10-08T14:26:16.081Z" },
    { url = "https://files.pythonhosted.org/packages/b9/29/11c98cd9c49338f64aeb3d6e166c99b65d8949f00f285c5b66de75ade316/pydantic_core-2.50.0-cp311-cp311-manylinux_2_17_armv7l.manylinux2014_armv7l.whl", hash = "sha256:4b1bae96f41806b14dd8bb1568d39b5e33b5af7fb27f7be36c78b8fa84708917", size = 2189027, upload-time = "2026-10-08T14:26:17.581Z" },
    { url = "https://files.pythonhosted.org/packages/cf/b7/af7d9c4de715cc13e947d1135b73f0c181bce2f01e9f1d9e3c428f9ee31c/pydantic_core-2.50.0-cp311-cp311-manylinux_2_17_ppc64le.manylinux2014_ppc64le.whl", hash = "sha256:8facaf0a16121ac82cc403a71399a061b74624c1ae2034eec9ed6169c5d16ecb", size = 2388815, upload-time = "2026-10-08T14:26:19.306Z" },
    { url = "https://files.pythonhosted.org/packages/26/87/cd95dcd4d066180b2e22eff3dca01ac3af56607f9ecc43b7ba0748496f47/pydantic_core-2.50.0-cp311-cp311-manylinux_2_17_s390x.manylinux2014_s390x.whl", hash = "sha256:610e9f483ac53c5cc59c2d3687224029b54eb494feec2d40a2bcfdd187635192", size = 2431821, upload-time = "2026-10-08T14:26:20.958Z" },
    { url = "https://files.pythonhosted.org/packages/f0/14/7122b78e9915e7dd50f9dcec6041a4e32874907b41b9e0880db2f1c7ae1a/pydantic_core-2.50.0-cp311-cp311-manylinux_2_17_x86_64.manylinux2014_x86_64.whl", hash = "sha256:ac223ea031905319a64d0df116979ae438b42d6265862a3d63c9f9808c2905a7", size = 2157622, upload-time = "2026-10-08T14:26:22.947Z" },
    { url = "https://files.pythonhosted.org/packages/97/86/fcddead5bda54fc8efa0d80dbba5962e9a91193570e227404c7593707833/pydantic_core-2.50.0-cp311-cp311-manylinux_2_31_riscv64.whl", hash = "sha256:75b451ec5e64a1d4b803317f34710131742ff2e42f4bf5403f597d0af857d7d8", size = 2254921, upload-time = "2026-10-08T14:26:24.607Z" },
    { url = "https://files.pythonhosted.org/packages/6c/e8/041d1c3e3e1f203a656ce592f8c1548e1ef2b0939d19c5ce66432c30e4bd/pydantic_core-2.50.0-cp311-cp311-manylinux_2_5_i686.manylinux1_i686.whl", hash = "sha256:7eee44c3f1f8acc220a743a5ed5588949a4f18b33df4cfbef2b1277470285401", size = 2268163, upload-time = "2026-10-08T14:26:26.207Z" },
    { url = "https://files.pythonhosted.org/packages/8a/ac/f515994ef1351e883276e85af0a50d839ead9d0d22743fa2c6dfd552f7ce/pydantic_core-2.50.0-cp311-cp311-musllinux_1_1_aarch64.whl", hash = "sha256:f44107b5fdfecc03438feb165431652c8006650471326e53dd86d4c19124f5c5", size = 2302005, upload-time = "2026-10-08T14:26:27.808Z" },
    { url = "https://files.pythonhosted.org/packages/04/6c/b970c4c87d92c4c974a5c5dc16bcf747f89b4e5729c5c45131267ef0421b/pydantic_core-2.50.0-cp311-cp311-musllinux_1_1_armv7l.whl", hash = "sha256:718d05d4e078c7828f40ad3e310870fe4b837d93a32e7e8497a080c1f1040490", size = 2465387, upload-time = "2026-10-08T14:26:29.529Z" },
    { url = "https://files.pythonhosted.org/packages/4a/84/c0a92f97f9de7f133dfe694d0e8ca033a1c90fdf692dc69dfee3bf8a2e7b/pydantic_core-2.50.0-cp311-cp311-musllinux_1_1_x86_64.whl", hash = "sha256:031867348c98ab49c6d3a16ad39738369ea48da59900d76d71c1e64de71fe79b", size = 2478673, upload-time = "2026-10-08T14:26:31.898Z" },
    { url = "https://files.pythonhosted.org/packages/f1/11/88e851761351cfef90382f175b07cede48edafc62a1509575dbc879934ef/pydantic_core-2.50.0-cp311-cp311-win32.whl", hash = "sha256:e41f9d1d9240e8e0d8a670ad3e66c0c00f0b1f7150a31bc6c445a4f87c1cb3ba", size = 2121424, upload-time = "2026-10-08T14:26:33.67Z" },
    { url = "https://files.pythonhosted.org/packages/c4/1f/89184f13b9ebaf6d8710cd0d1cfb466d7dc829de23468ab471b543dd07eb/pydantic_core-2.50.0-cp311-cp311-win_amd64.whl", hash = "sha256:90874428bc6678b26434336c77931c9734ecebedf50132c179205e5a9908761d", size = 2176278, upload-time = "2026-10-08T14:26:35.388Z" },
    { url = "https://files.pythonhosted.org/packages/ff/7a/5a630fff51218a860aa4e7699f781a7c9bf41c031987b613629c98f16618/pydantic_core-2.50.0-cp311-cp311-win_arm64.whl", hash = "sha256:b9be297ffe1015bfb2db4a23b6e1fec7e48361cf7c7b4f4f6bbdd008451b0a7b", size = 2183464, upload-time = "2026-10-08T14:26:37.485Z" },
    { url = "https://files.pythonhosted.org/packages/11/ff/8d126ca04417cbc76a81648c135296ecc2f36d07adfb0b3376638efd1dd0/pydantic_core-2.50.0-graalpy311-graalpy242_311_native-macosx_10_12_x86_64.whl", hash = "sha256:38b03c5439c6a7a952f56e3e6596dae44bc78c3fb6a69df46cabfb2f888e5f0c", size = 2162541, upload-time = "2026-10-08T14:30:12.075Z" },
    { url = "https://files.pythonhosted.org/packages/b9/3f/e3f11c40950d0f37b3891c1ed015f04a4ef36c881d04ef1a5d1ac91d1c6f/pydantic_core-2.50.0-graalpy311-graalpy242_311_native-macosx_11_0_arm64.whl", hash = "sha256:4faa766450ef44d9eabed5b65a280f63f903d1e1ed6d2e278961eb22345ec49f", size = 2075402, upload-time = "2026-10-08T14:30:14.968Z" },
    { url = "https://files.pythonhosted.org/packages/42/f2/727d2b23ff6ca67c9c050c4ff4e5abd7b599d9ebcd819a74141d3b11c7c1/pydantic_core-2.50.0-graalpy311-graalpy242_311_native-manylinux_2_17_aarch64.manylinux2014_aarch64.whl", hash = "sha256:50920d66aaab60dbc6023c3035d55fbabfa58b6d205d0b39d47d820c4a7a13a8", size = 2108552, upload-time = "2026-10-08T14:30:17.774Z" },
    { url = "https://files.pythonhosted.org/packages/4a/da/a4321058eea61f0504366668a09472a4c37514be30cce77967c35ab7ffaa/pydantic_core-2.50.0-graalpy311-graalpy242_311_native-manylinux_2_17_x86_64.manylinux2014_x86_64.whl", hash = "sha256:586699b43066ca6038f96bd71d0eff0b6c292929e3d66ff63d5dc79d0f06d589", size = 2267745, upload-time = "2026-10-08T14:30:20.619Z" },
    { url = "https://files.pythonhosted.org/packages/1f/50/a6bd3c397b609aade207ffb78ce46f4ad4e29bb42a39007c87ee00e778f3/pydantic_core-2.50.0-pp311-pypy311_pp73-macosx_10_12_x86_64.whl", hash = "sha256:68421ba548f6d86c7dededd70bfe530b4faf67eb811c53c70a1be69438d3ce99", size = 2154371, upload-time = "2026-10-08T14:30:34.965Z" },
    { url = "https://files.pythonhosted.org/packages/11/3c/2d32a1f945b9809b65701d2b72315bdcd700f13c093df5e60baaa784bc6a/pydantic_core-2.50.0-pp311-pypy311_pp73-macosx_11_0_arm64.whl", hash = "sha256:23e0940b7d73f405d92e98b2a05b93b16db163be13b7478bb19e1db2e486ade6", size = 2087028, upload-time = "2026-10-08T14:30:37.814Z" },
    { url = "https://files.pythonhosted.org/packages/aa/57/c2aea271192d8c4b81afeea9d61de8f5dc8686a1fcd1ace80e70a482fbce/pydantic_core-2.50.0-pp311-pypy311_pp73-manylinux_2_17_x86_64.manylinux2014_x86_64.whl", hash = "sha256:ee9913fa2b5bfa6111c11158cf481bb13544f8bd5d10382fb6ee2612b16fcf28", size = 2259611, upload-time = "2026-10-08T14:30:40.581Z" },
    { url = "https://files.pythonhosted.org/packages/35/88/32128d5498b95722fe914a21a25f59edd7dc8917474f47924005682532a8/pydantic_core-2.50.0-pp311-pypy311_pp73-manylinux_2_5_i686.manylinux1_i686.whl", hash = "sha256:ad3532291deedfdfcad3cf5d351d0076d646c68a0c63869a1bebf87c22159600", size = 2268636, upload-time = "2026-10-08T14:30:43.511Z" },
    { url = "https://files.pythonhosted.org/packages/8e/37/7dae31279e07aaa63dd4b17756f4ebd5647aed6bee5581ee3b3e85d82a0c/pydantic_core-2.50.0-pp311-pypy311_pp73-musllinux_1_1_aarch64.whl", hash = "sha256:9279f4be22bc3765dd9f61f5b4d38d9cb219d167bbd6f2e0ffa3368b1b71b4d1", size = 2305416, upload-time = "2026-10-08T14:30:46.386Z" },
    { url = "https://files.pythonhosted.org/packages/10/2a/61e47defbd490618fcde2641f80d5c077f2961de62e88500edacb49297f9/pydantic_core-2.50.0-pp311-pypy311_pp73-musllinux_1_1_armv7l.whl", hash = "sha256:3b2f3e44af4c6512dd73557621385a71b18094c8be81d60e5a8e73a8ce96b7f4", size = 2466713, upload-time = "2026-10-08T14:30:49.214Z" },
    { url = "https://files.pythonhosted.org/packages/61/57/81327752c007834d684b0b7d20ce00087206f512c7347a6236fd89ef0223/pydantic_core-2.50.0-pp311-pypy311_pp73-musllinux_1_1_x86_64.whl", hash = "sha256:593dd4f24abeb3ed90222f98bc6eefcac68cd5aa96fc7745f93862a802952bce", size = 2481971, upload-time = "2026-10-08T14:30:52.088Z" },
    { url = "https://files.pythonhosted.org/packages/48/c3/e321d3a4b2737372cf775ffdd1a02428c7d2791ee5afc9f228793a0ee245/pydantic_core-2.50.0-pp311-pypy311_pp73-win_amd64.whl", hash = "sha256:b123f9d8702106f39dc3af63a031ca8b5279862a3747ec6c03ca49dbe78b71b9", size = 2337958, upload-time = "2026-10-08T14:30:55.045Z" },
]

[[package]]
name = "pygments"
version = "2.21.0"
source = { registry = "https://pypi.org/simple" }
sdist = { url = "https://files.pythonhosted.org/packages/49/2e/ced460408999b33da6b31b0021b0f37d329e202d4169aeb164493778f25b/pygments-2.21.0.tar.gz", hash = "sha256:610ca751c9bc2492b38eb9a38a7fbc93edbbb2d7182edaf34e66ae493dee5c8c", size = 5005329, upload-time = "2026-08-17T08:02:48.824Z" }
wheels = [
    { url = "https://files.pythonhosted.org/packages/71/46/17f022dd3e953bf20a04a028a21ec746d942f8d2af30fa0f124fa0e6a684/pygments-2.21.0-py3-none-any.whl", hash = "sha256:2363c69b61c4a97c838da3b130dcd6468f4848992b21a82f2a63ec34377137d9", size = 1250147, upload-time = "2026-08-17T08:02:44.912Z" },
]

[[package]]
name = "pymupdf"
version = "1.28.2"
source = { registry = "https://pypi.org/simple" }
sdist = { url = "https://files.pythonhosted.org/packages/a3/fb/b6761fa2d5266f2cdb24c3b91f4023070ab7848381417678e7a289a1d52a/pymupdf-1.28.2.tar.gz", hash = "sha256:5e0be7908a715aa20333caddd73f1d6f01e4cd0c26e869fa2dd0b7f344da2249", size = 87903557, upload-time = "2026-08-06T21:43:23.321Z" }
wheels = [
    { url = "https://files.pythonhosted.org/packages/b4/51/550c9a75c4ff3245cb4ecb7bb95cbe2ab7374230b8e2b7a1f7259444150b/pymupdf-1.28.2-cp310-abi3-macosx_10_15_x86_64.whl", hash = "sha256:5fc315b425ff1f7afdd1ea2f348205cb19b806767daae7ce4d64115799c2bae1", size = 24645079, upload-time = "2026-08-06T21:37:25.001Z" },
    { url = "https://files.pythonhosted.org/packages/fa/01/3591f781b417b382a8487a2356e927acfe858b1043bab0ec47f6805bb109/pymupdf-1.28.2-cp310-abi3-macosx_11_0_arm64.whl", hash = "sha256:7113846b35dbf0a033f088e4f4fb543dabeb4b0b12c112966a1ca1ee2d5eacae", size = 23875605, upload-time = "2026-08-06T21:37:40.369Z" },
    { url = "https://files.pythonhosted.org/packages/d2/86/4a68f080b71b46802178346af46486e1697508e760855ff5f3b218a6dff7/pymupdf-1.28.2-cp310-abi3-manylinux_2_28_aarch64.whl", hash = "sha256:3050a233dde1211efe89ada74e2add6238436434159f46097a1423aad2842545", size = 25095554, upload-time = "2026-08-06T21:37:58.485Z" },
    { url = "https://files.pythonhosted.org/packages/c7/06/dace3e27af26690cb20bead80dbac42941b0841eb689b8aabbd67dde16f0/pymupdf-1.28.2-cp310-abi3-manylinux_2_28_x86_64.whl", hash = "sha256:397d6715c1f0df7548a92d0afd8ce370fc48fa47aeefac16be2bc04a16a8227f", size = 25762500, upload-time = "2026-08-06T21:38:17.438Z" },
    { url = "https://files.pythonhosted.org/packages/e5/61/4146dfa1d8172a1ce8d59f0eed94896ddefb8deb2274534d0522fbb8abf5/pymupdf-1.28.2-cp310-abi3-musllinux_1_2_x86_64.whl", hash = "sha256:f89fb2d86d07d643a269f17a093105057e20c79c1d06c103b53600067b6d2b01", size = 25986309, upload-time = "2026-08-06T21:38:35.472Z" },
    { url = "https://files.pythonhosted.org/packages/52/60/1fb6e64676f7500ebe89054b9e5bbbe14d3101c92d5f1a40ac9a35227673/pymupdf-1.28.2-cp310-abi3-win32.whl", hash = "sha256:530ef543a3885b3b81cb72a854e7c5a625a9233201221132bb6c31698c6a2bdb", size = 18525353, upload-time = "2026-08-06T21:38:47.697Z" },
    { url = "https://files.pythonhosted.org/packages/4a/61/d563bbccba262f9dd6d2d35ccb72593648184d886188efb12d9ce8f34dd6/pymupdf-1.28.2-cp310-abi3-win_amd64.whl", hash = "sha256:ebd244918798502d7b4504c90410d1711a4d7675a32584ca30f1bab419ecbffe", size = 19826532, upload-time = "2026-08-06T21:39:00.213Z" },
    { url = "https://files.pythonhosted.org/packages/e2/93/08f404a1f0155fe24137cf2d3aabd3e2b4b08c62053ed89c60f2611be3e9/pymupdf-1.28.2-cp310-abi3-win_arm64.whl", hash = "sha256:ffe91a24edc75c80da2a4b62f50fc0f54632d34fc8fe4cbc48e5c7ff07cf8fb4", size = 19759252, upload-time = "2026-08-06T21:39:12.937Z" },
    { url = "https://files.pythonhosted.org/packages/58/8c/d897dcd32a25b58186c968b15ce4324ca029e9d96460de12325314e390be/pymupdf-1.28.2-cp313-abi3-pyemscripten_2025_0_wasm32.whl", hash = "sha256:2e1b574c0fd2cb238021033fd3c0f9c4388816638df064e4bfb56d9d81736dc8", size = 18399403, upload-time = "2026-08-06T21:39:25.008Z" },
]

[[package]]
name = "pytest"
version = "9.1.1"
source = { registry = "https://pypi.org/simple" }
dependencies = [
    { name = "colorama", marker = "sys_platform == 'win32'" },
    { name = "iniconfig" },
    { name = "packaging" },
    { name = "pluggy" },
    { name = "pygments" },
]
sdist = { url = "https://files.pythonhosted.org/packages/e4/47/b9efed96c114afcfa3c9d3fe98a76a1d14c74a9e266d397cf6eb64be5e01/pytest-9.1.1.tar.gz", hash = "sha256:1088fbde8f2b49d95a549a195707afa7a76a3ce9bcadc26b6d71f0ffda5fe313", size = 1636369, upload-time = "2026-06-19T10:58:32.857Z" }
wheels = [
    { url = "https://files.pythonhosted.org/packages/24/25/1de2678b631f5a49215c6c96fff41ba892b0a34df68d6d80292b1b48aa7f/pytest-9.1.1-py3-none-any.whl", hash = "sha256:37a86b45efb9a47a61a36449063e8e18d0cab3161329fc099eb21783169c4f0c", size = 386536, upload-time = "2026-06-19T10:58:31.347Z" },
]

[[package]]
name = "pyyaml"
version = "6.0.3"
source = { registry = "https://pypi.org/simple" }
sdist = { url = "https://files.pythonhosted.org/packages/05/8e/961c0007c59b8dd7729d542c61a4d537767a59645b82a0b521206e1e25c2/pyyaml-6.0.3.tar.gz", hash = "sha256:d76623373421df22fb4cf8817020cbb7ef15c725b9d5e45f17e189bfc384190f", size = 130960, upload-time = "2025-09-25T21:33:16.546Z" }
wheels = [
    { url = "https://files.pythonhosted.org/packages/6d/16/a95b6757765b7b031c9374925bb718d55e0a9ba8a1b6a12d25962ea44347/pyyaml-6.0.3-cp311-cp311-macosx_10_13_x86_64.whl", hash = "sha256:44edc647873928551a01e7a563d7452ccdebee747728c1080d881d68af7b997e", size = 185826, upload-time = "2025-09-25T21:31:58.655Z" },
    { url = "https://files.pythonhosted.org/packages/16/19/13de8e4377ed53079ee996e1ab0a9c33ec2faf808a4647b7b4c0d46dd239/pyyaml-6.0.3-cp311-cp311-macosx_11_0_arm64.whl", hash = "sha256:652cb6edd41e718550aad172851962662ff2681490a8a711af6a4d288dd96824", size = 175577, upload-time = "2025-09-25T21:32:00.088Z" },
    { url = "https://files.pythonhosted.org/packages/0c/62/d2eb46264d4b157dae1275b573017abec435397aa59cbcdab6fc978a8af4/pyyaml-6.0.3-cp311-cp311-manylinux2014_aarch64.manylinux_2_17_aarch64.manylinux_2_28_aarch64.whl", hash = "sha256:10892704fc220243f5305762e276552a0395f7beb4dbf9b14ec8fd43b57f126c", size = 775556, upload-time = "2025-09-25T21:32:01.31Z" },
    { url = "https://files.pythonhosted.org/packages/10/cb/16c3f2cf3266edd25aaa00d6c4350381c8b012ed6f5276675b9eba8d9ff4/pyyaml-6.0.3-cp311-cp311-manylinux2014_s390x.manylinux_2_17_s390x.manylinux_2_28_s390x.whl", hash = "sha256:850774a7879607d3a6f50d36d04f00ee69e7fc816450e5f7e58d7f17f1ae5c00", size = 882114, upload-time = "2025-09-25T21:32:03.376Z" },
    { url = "https://files.pythonhosted.org/packages/71/60/917329f640924b18ff085ab889a11c763e0b573da888e8404ff486657602/pyyaml-6.0.3-cp311-cp311-manylinux2014_x86_64.manylinux_2_17_x86_64.manylinux_2_28_x86_64.whl", hash = "sha256:b8bb0864c5a28024fac8a632c443c87c5aa6f215c0b126c449ae1a150412f31d", size = 806638, upload-time = "2025-09-25T21:32:04.553Z" },
    { url = "https://files.pythonhosted.org/packages/dd/6f/529b0f316a9fd167281a6c3826b5583e6192dba792dd55e3203d3f8e655a/pyyaml-6.0.3-cp311-cp311-musllinux_1_2_aarch64.whl", hash = "sha256:1d37d57ad971609cf3c53ba6a7e365e40660e3be0e5175fa9f2365a379d6095a", size = 767463, upload-time = "2025-09-25T21:32:06.152Z" },
    { url = "https://files.pythonhosted.org/packages/f2/6a/b627b4e0c1dd03718543519ffb2f1deea4a1e6d42fbab8021936a4d22589/pyyaml-6.0.3-cp311-cp311-musllinux_1_2_x86_64.whl", hash = "sha256:37503bfbfc9d2c40b344d06b2199cf0e96e97957ab1c1b546fd4f87e53e5d3e4", size = 794986, upload-time = "2025-09-25T21:32:07.367Z" },
    { url = "https://files.pythonhosted.org/packages/45/91/47a6e1c42d9ee337c4839208f30d9f09caa9f720ec7582917b264defc875/pyyaml-6.0.3-cp311-cp311-win32.whl", hash = "sha256:8098f252adfa6c80ab48096053f512f2321f0b998f98150cea9bd23d83e1467b", size = 142543, upload-time = "2025-09-25T21:32:08.95Z" },
    { url = "https://files.pythonhosted.org/packages/da/e3/ea007450a105ae919a72393cb06f122f288ef60bba2dc64b26e2646fa315/pyyaml-6.0.3-cp311-cp311-win_amd64.whl", hash = "sha256:9f3bfb4965eb874431221a3ff3fdcddc7e74e3b07799e0e84ca4a0f867d449bf", size = 158763, upload-time = "2025-09-25T21:32:09.96Z" },
]

[[package]]
name = "ruff"
version = "0.16.10"
source = { registry = "https://pypi.org/simple" }
sdist = { url = "https://files.pythonhosted.org/packages/c4/49/23802c45f093eb14bde54b141d2b2f058edfa63a06db7beed047308cc08f/ruff-0.16.10.tar.gz", hash = "sha256:eff4728c4eaae93f0955cd264d24b2ab348e74bf59986ccf282ba6dc16b3b017", size = 4958724, upload-time = "2026-10-01T18:03:21.697Z" }
wheels = [
    { url = "https://files.pythonhosted.org/packages/2f/21/ebce22e1d90cdb2cd691026b9c6e9bec6499f0b396089481755b5d49efff/ruff-0.16.10-py3-none-linux_armv6l.whl", hash = "sha256:488b0fe3f3574210e5cf80d9f59b9e3ab17a127a8155de3f307b392589cfb511", size = 10095557, upload-time = "2026-10-01T18:02:36.072Z" },
    { url = "https://files.pythonhosted.org/packages/cb/98/a54de85876a8b2612bfa0d84c7b9abfb39c6a3354aee7800b09c1649b9e3/ruff-0.16.10-py3-none-macosx_10_12_x86_64.whl", hash = "sha256:e748ff95c934c4e978783b8e687bc174e7bd84e8ad24e3243e1ecfcda5e0282d", size = 10340577, upload-time = "2026-10-01T18:02:39.258Z" },
    { url = "https://files.pythonhosted.org/packages/9f/16/1a5a4a2657effe4806110f2b907313802f1367fcdbb29e8122766e407fab/ruff-0.16.10-py3-none-macosx_11_0_arm64.whl", hash = "sha256:3031a4a2e8e7b8a46f70be45f198c35a11ece509a94b80334d8d397a33c67550", size = 9774282, upload-time = "2026-10-01T18:02:41.79Z" },
    { url = "https://files.pythonhosted.org/packages/6e/fb/470085af734da396e68cd80fb0a3e7c109a459716ae59588c0f6fab8a17d/ruff-0.16.10-py3-none-manylinux_2_17_aarch64.manylinux2014_aarch64.whl", hash = "sha256:494401c86df4c4c25f69b9419605d944467ee98c42fb6ad405ef4fa40b8fb67d", size = 9920895, upload-time = "2026-10-01T18:02:44.458Z" },
    { url = "https://files.pythonhosted.org/packages/57/de/f10cffe4f88a37ea6615ec460f01bf76f0bc1477737a35d9ee61a630a78b/ruff-0.16.10-py3-none-manylinux_2_17_armv7l.manylinux2014_armv7l.whl", hash = "sha256:d203abc0ff2b773ee33d00ab8df0bb67046fbc7c07b119332f08b9b345cf8221", size = 9902707, upload-time = "2026-10-01T18:02:47.041Z" },
    { url = "https://files.pythonhosted.org/packages/ff/44/3fdcedf83ae60ef837dd239170e480dce606a9142cfa2db911afdf855fd9/ruff-0.16.10-py3-none-manylinux_2_17_i686.manylinux2014_i686.whl", hash = "sha256:bd83d1235a5258d318477bc5b576303974cbdef5df0c01a1bff14efcc23bd12a", size = 10619287, upload-time = "2026-10-01T18:02:49.485Z" },
    { url = "https://files.pythonhosted.org/packages/c1/62/02e76a5574002153618eafbb70e159468addc72a5d2c488e65cbb4639d2d/ruff-0.16.10-py3-none-manylinux_2_17_ppc64le.manylinux2014_ppc64le.whl", hash = "sha256:bc2610fb269fa56dd8a68669ae470fa6272902668c0fc2ebc3aa112b2633d5b8", size = 11339942, upload-time = "2026-10-01T18:02:52.008Z" },
    { url = "https://files.pythonhosted.org/packages/6b/c4/cde27d47ad8d4126c587e608c67c46e7feac11763f606d261a1bc8a489e6/ruff-0.16.10-py3-none-manylinux_2_17_s390x.manylinux2014_s390x.whl", hash = "sha256:3e70175e29cc94c26ea296c80e470180b744b7419026898e58f520c6ab32578e", size = 10934316, upload-time = "2026-10-01T18:02:54.811Z" },
    { url = "https://files.pythonhosted.org/packages/e4/03/17234145f302a645a123e8c3bb2411ecf4669fbc350de3b0d803230a1729/ruff-0.16.10-py3-none-manylinux_2_17_x86_64.manylinux2014_x86_64.whl", hash = "sha256:f33f43a864a8483eebd160e713336c8bab02c934feaff0a33cf5ccb41546d09a", size = 10387968, upload-time = "2026-10-01T18:02:57.497Z" },
    { url = "https://files.pythonhosted.org/packages/71/29/2493af60240ee7644b38a4b821f5f9c3b5a4fa3178770fe1d0c685217395/ruff-0.16.10-py3-none-manylinux_2_31_riscv64.whl", hash = "sha256:1dfc6f0088149fb6a362c1c446bcbb3fd2157b3852fe2fa68409276eab9ad9b3", size = 10537906, upload-time = "2026-10-01T18:03:00.006Z" },
    { url = "https://files.pythonhosted.org/packages/2e/9a/f56b28f3b143bb9e518c34fb89ab191b626bca8b70dbf8af0d2e2d473572/ruff-0.16.10-py3-none-musllinux_1_2_aarch64.whl", hash = "sha256:6553498afc35f580f036030795810b9e6bcea31604b0fd9e8d352795473042e3", size = 10012938, upload-time = "2026-10-01T18:03:03.006Z" },
    { url = "https://files.pythonhosted.org/packages/c2/c4/fca37362848ea4d4d80712df13632e645e7c7cfb1bdedf140699ac7a090b/ruff-0.16.10-py3-none-musllinux_1_2_armv7l.whl", hash = "sha256:a3b8471dea115d37f123882be852bed13403746d3a76c11de4a19ec5f9ff5a03", size = 9897945, upload-time = "2026-10-01T18:03:05.818Z" },
    { url = "https://files.pythonhosted.org/packages/7d/c7/e0bc57664d6e0c61fd22f620af260fe9662d7e1ddb320ea7f160e76ef165/ruff-0.16.10-py3-none-musllinux_1_2_i686.whl", hash = "sha256:92e59a70bcbd9d3a5483656da906ec28edfdacfce00afd99edb8b4e9d15644be", size = 10333134, upload-time = "2026-10-01T18:03:08.25Z" },
    { url = "https://files.pythonhosted.org/packages/21/aa/5c9f3b68737c0e4a33a1db5dfab44f7b786d96ca91a7233112ddab1e6dc2/ruff-0.16.10-py3-none-musllinux_1_2_x86_64.whl", hash = "sha256:7ae7375f803b5520dc9f546bed7e3a0acb70b91812e9bb4b19927de22f25b77d", size = 10741702, upload-time = "2026-10-01T18:03:10.775Z" },
    { url = "https://files.pythonhosted.org/packages/78/fa/0f9c2020dc316c53d983be011720b8157cc052b97e3f4dfa7db6d0f880a6/ruff-0.16.10-py3-none-win32.whl", hash = "sha256:2a12e01cb9156c10c466f63b46eaae5ecea28dfbd21b5836353ae498e7d1349a", size = 10139176, upload-time = "2026-10-01T18:03:13.267Z" },
    { url = "https://files.pythonhosted.org/packages/99/29/cfb0df9448d4d4ad48c2de029ada9ebd71baa6da983a6c77ee6c6cd0fe82/ruff-0.16.10-py3-none-win_amd64.whl", hash = "sha256:97f2015c92aa97105b0eab19eb5d224884399281cfc5da86a92db4ab5e7fb2ca", size = 10584734, upload-time = "2026-10-01T18:03:16.006Z" },
    { url = "https://files.pythonhosted.org/packages/fc/05/c16957eb287c3fc062e032619a25868d93d408a844b725bcf514f7a378ff/ruff-0.16.10-py3-none-win_arm64.whl", hash = "sha256:25a65fe998c4e6861ec079ada5826a2fc605e6cbccbe9dcd7fac1f54e791621b", size = 10366440, upload-time = "2026-10-01T18:03:19.04Z" },
]

[[package]]
name = "typing-extensions"
version = "4.16.0"
source = { registry = "https://pypi.org/simple" }
sdist = { url = "https://files.pythonhosted.org/packages/f6/cc/6253133b5bb138fc3306cebfbda2c520f545d36b5be2c7255cc528bb45d6/typing_extensions-4.16.0.tar.gz", hash = "sha256:dc983d19a509c94dba722ee6abd33940f7c05a89e243c47e907eb4db6f1a43e5", size = 113555, upload-time = "2026-07-02T08:40:05.92Z" }
wheels = [
    { url = "https://files.pythonhosted.org/packages/49/d3/b8441a820a491ddfc024b0b0cf0393375b75ea13866d9c66727e54c2fc80/typing_extensions-4.16.0-py3-none-any.whl", hash = "sha256:481caa481374e813c1b176ada14e97f1f67a4539ce9cfeb3f350d78d6370c2e8", size = 45571, upload-time = "2026-07-02T08:40:04.659Z" },
]

[[package]]
name = "typing-inspection"
version = "0.4.4"
source = { registry = "https://pypi.org/simple" }
dependencies = [
    { name = "typing-extensions" },
]
sdist = { url = "https://files.pythonhosted.org/packages/a3/26/b09b8010994eccc3c09092e6b34058f36a460eea2d4c3e8b910c695975a0/typing_inspection-0.4.4.tar.gz", hash = "sha256:547274fa6b0a561ccf549cc9524b999a578e737d015d8709d021f9d0d13bea47", size = 76928, upload-time = "2026-08-12T12:37:25.997Z" }
wheels = [
    { url = "https://files.pythonhosted.org/packages/67/81/4add07e5172b7ac40d8ed5ff580409a7801a4fe26d529bdd915401dabfbe/typing_inspection-0.4.4-py3-none-any.whl", hash = "sha256:65b8397ba37ccbce054456aaccddfc91e6e3083c92824df348d96ca832f3f147", size = 14750, upload-time = "2026-08-12T12:37:24.648Z" },
]
